{
  "version": 4,
  "terraform_version": "0.12.18",
  "serial": 2,
  "lineage": "e55e2566-f78c-dadc-7f40-e3306ec7ab26",
  "outputs": {},
  "resources": [
    {
      "mode": "managed",
      "type": "esxi_guest",
      "name": "vmtest02",
      "provider": "provider.esxi",
      "instances": [
        {
          "status": "tainted",
          "schema_version": 0,
          "attributes": {
            "boot_disk_size": "35",
            "boot_disk_type": "thin",
            "clone_from_vm": "centos7",
            "disk_store": "datastore-sata",
            "guest_name": "vmtest02",
            "guest_shutdown_timeout": 30,
            "guest_startup_timeout": 45,
            "guestinfo": null,
            "guestos": "centos-64",
            "id": "3",
            "ip_address": null,
            "memsize": "2048",
            "network_interfaces": [
              {
                "mac_address": "00:0c:29:a1:b1:c2",
                "nic_type": "e1000",
                "virtual_network": "VM Network"
              },
              {
                "mac_address": "",
                "nic_type": "",
                "virtual_network": "VM Network"
              }
            ],
            "notes": null,
            "numvcpus": "2",
            "ovf_properties": [],
            "ovf_properties_timer": 0,
            "ovf_source": null,
            "power": "on",
            "resource_pool_name": "/",
            "virthwver": null,
            "virtual_disks": []
          },
          "private": "bnVsbA=="
        }
      ]
    }
  ]
}
